
Microsoft Visual Studio Solution File, Format Version 12.00
# Visual Studio Version 17
VisualStudioVersion = 17.8.34525.116
MinimumVisualStudioVersion = 10.0.40219.1
Project("{FAE04EC0-301F-11D3-BF4B-00C04F79EFBC}") = "BlazorCrudApp", "BlazorCrudApp\BlazorCrudApp\BlazorCrudApp.csproj", "{507EB59E-12D4-4BEA-BEB0-CDB340351D37}"
EndProject
Project("{FAE04EC0-301F-11D3-BF4B-00C04F79EFBC}") = "BlazorCrudApp.Client", "BlazorCrudApp\BlazorCrudApp.Client\BlazorCrudApp.Client.csproj", "{6BF2A5F1-D90B-41BA-9B7F-0FFDA00C5657}"
EndProject
Project("{FAE04EC0-301F-11D3-BF4B-00C04F79EFBC}") = "SharedLibrary", "SharedLibrary\SharedLibrary.csproj", "{749AE013-7070-437D-B722-D9F3C70FBA18}"
EndProject
Global
	GlobalSection(SolutionConfigurationPlatforms) = preSolution
		Debug|Any CPU = Debug|Any CPU
		Release|Any CPU = Release|Any CPU
	EndGlobalSection
	GlobalSection(ProjectConfigurationPlatforms) = postSolution
		{507EB59E-12D4-4BEA-BEB0-CDB340351D37}.Debug|Any CPU.ActiveCfg = Debug|Any CPU
		{507EB59E-12D4-4BEA-BEB0-CDB340351D37}.Debug|Any CPU.Build.0 = Debug|Any CPU
		{507EB59E-12D4-4BEA-BEB0-CDB340351D37}.Release|Any CPU.ActiveCfg = Release|Any CPU
		{507EB59E-12D4-4BEA-BEB0-CDB340351D37}.Release|Any CPU.Build.0 = Release|Any CPU
		{6BF2A5F1-D90B-41BA-9B7F-0FFDA00C5657}.Debug|Any CPU.ActiveCfg = Debug|Any CPU
		{6BF2A5F1-D90B-41BA-9B7F-0FFDA00C5657}.Debug|Any CPU.Build.0 = Debug|Any CPU
		{6BF2A5F1-D90B-41BA-9B7F-0FFDA00C5657}.Release|Any CPU.ActiveCfg = Release|Any CPU
		{6BF2A5F1-D90B-41BA-9B7F-0FFDA00C5657}.Release|Any CPU.Build.0 = Release|Any CPU
		{749AE013-7070-437D-B722-D9F3C70FBA18}.Debug|Any CPU.ActiveCfg = Debug|Any CPU
		{749AE013-7070-437D-B722-D9F3C70FBA18}.Debug|Any CPU.Build.0 = Debug|Any CPU
		{749AE013-7070-437D-B722-D9F3C70FBA18}.Release|Any CPU.ActiveCfg = Release|Any CPU
		{749AE013-7070-437D-B722-D9F3C70FBA18}.Release|Any CPU.Build.0 = Release|Any CPU
	EndGlobalSection
	GlobalSection(SolutionProperties) = preSolution
		HideSolutionNode = FALSE
	EndGlobalSection
	GlobalSection(ExtensibilityGlobals) = postSolution
		SolutionGuid = {4E33D3C0-E908-4CCD-882D-3095BAD110DF}
	EndGlobalSection
EndGlobal
